// !$*UTF8*$!
{
	archiveVersion = 1;
	classes = {
	};
	objectVersion = 56;
	objects = {

/* Begin PBXBuildFile section */
		181799B82AB964FA00C84BB2 /* ReminderListViewController+DataSource.swift in Sources */ = {isa = PBXBuildFile; fileRef = 181799B72AB964FA00C84BB2 /* ReminderListViewController+DataSource.swift */; };
		181799BA2AB9908300C84BB2 /* ReminderDoneButton.swift in Sources */ = {isa = PBXBuildFile; fileRef = 181799B92AB9908300C84BB2 /* ReminderDoneButton.swift */; };
		181799BC2AB9914700C84BB2 /* ReminderListViewController+Actions.swift in Sources */ = {isa = PBXBuildFile; fileRef = 181799BB2AB9914700C84BB2 /* ReminderListViewController+Actions.swift */; };
		181799BE2ABAB3BE00C84BB2 /* ReminderViewController.swift in Sources */ = {isa = PBXBuildFile; fileRef = 181799BD2ABAB3BE00C84BB2 /* ReminderViewController.swift */; };
		181799C12ABAB5FA00C84BB2 /* ReminderViewController+Row.swift in Sources */ = {isa = PBXBuildFile; fileRef = 181799C02ABAB5FA00C84BB2 /* ReminderViewController+Row.swift */; };
		182228492ABAFAC700B6DF90 /* ReminderViewController+Section.swift in Sources */ = {isa = PBXBuildFile; fileRef = 182228482ABAFAC700B6DF90 /* ReminderViewController+Section.swift */; };
		182228742ABEFB2800B6DF90 /* ReminderViewController+Cell.swift in Sources */ = {isa = PBXBuildFile; fileRef = 182228732ABEFB2800B6DF90 /* ReminderViewController+Cell.swift */; };
		182228772ABF00F000B6DF90 /* UIView+PinnedSubview.swift in Sources */ = {isa = PBXBuildFile; fileRef = 182228762ABF00F000B6DF90 /* UIView+PinnedSubview.swift */; };
		182228792ABF02B800B6DF90 /* TextFieldContentView.swift in Sources */ = {isa = PBXBuildFile; fileRef = 182228782ABF02B800B6DF90 /* TextFieldContentView.swift */; };
		1822287B2ABF04B600B6DF90 /* UIContentConfiguration+Stateless.swift in Sources */ = {isa = PBXBuildFile; fileRef = 1822287A2ABF04B600B6DF90 /* UIContentConfiguration+Stateless.swift */; };
		1822287D2AC0174C00B6DF90 /* UIColor+Today.swift in Sources */ = {isa = PBXBuildFile; fileRef = 1822287C2AC0174C00B6DF90 /* UIColor+Today.swift */; };
		182228842AC17DCA00B6DF90 /* TextViewContentView.swift in Sources */ = {isa = PBXBuildFile; fileRef = 182228832AC17DCA00B6DF90 /* TextViewContentView.swift */; };
		182228862AC17EF500B6DF90 /* DatePickerContentView.swift in Sources */ = {isa = PBXBuildFile; fileRef = 182228852AC17EF500B6DF90 /* DatePickerContentView.swift */; };
		187C88E32AB81020003BD1AB /* AppDelegate.swift in Sources */ = {isa = PBXBuildFile; fileRef = 187C88E22AB81020003BD1AB /* AppDelegate.swift */; };
		187C88E52AB81020003BD1AB /* SceneDelegate.swift in Sources */ = {isa = PBXBuildFile; fileRef = 187C88E42AB81020003BD1AB /* SceneDelegate.swift */; };
		187C88E72AB81020003BD1AB /* ReminderListViewController.swift in Sources */ = {isa = PBXBuildFile; fileRef = 187C88E62AB81020003BD1AB /* ReminderListViewController.swift */; };
		187C88EA2AB81020003BD1AB /* Main.storyboard in Resources */ = {isa = PBXBuildFile; fileRef = 187C88E82AB81020003BD1AB /* Main.storyboard */; };
		187C88EC2AB81022003BD1AB /* Assets.xcassets in Resources */ = {isa = PBXBuildFile; fileRef = 187C88EB2AB81022003BD1AB /* Assets.xcassets */; };
		187C88EF2AB81022003BD1AB /* LaunchScreen.storyboard in Resources */ = {isa = PBXBuildFile; fileRef = 187C88ED2AB81022003BD1AB /* LaunchScreen.storyboard */; };
		187C88F82AB81044003BD1AB /* Reminder.swift in Sources */ = {isa = PBXBuildFile; fileRef = 187C88F72AB81044003BD1AB /* Reminder.swift */; };
		187C88FA2AB85842003BD1AB /* Date+Today.swift in Sources */ = {isa = PBXBuildFile; fileRef = 187C88F92AB85842003BD1AB /* Date+Today.swift */; };
		188C92692AE816C500C06E58 /* ProgressHeaderView.swift in Sources */ = {isa = PBXBuildFile; fileRef = 188C92682AE816C500C06E58 /* ProgressHeaderView.swift */; };
		188C926B2AEAB6A500C06E58 /* CAGradientLayer+ListStyle.swift in Sources */ = {isa = PBXBuildFile; fileRef = 188C926A2AEAB6A500C06E58 /* CAGradientLayer+ListStyle.swift */; };
		188C926D2AEBB17000C06E58 /* TodayError.swift in Sources */ = {isa = PBXBuildFile; fileRef = 188C926C2AEBB17000C06E58 /* TodayError.swift */; };
		188C926F2AEBB1A900C06E58 /* EKEventStore+AsyncFetch.swift in Sources */ = {isa = PBXBuildFile; fileRef = 188C926E2AEBB1A900C06E58 /* EKEventStore+AsyncFetch.swift */; };
		188C92712AEBB39D00C06E58 /* Reminder+EKReminder.swift in Sources */ = {isa = PBXBuildFile; fileRef = 188C92702AEBB39D00C06E58 /* Reminder+EKReminder.swift */; };
		188C92732AEBB4FF00C06E58 /* ReminderStore.swift in Sources */ = {isa = PBXBuildFile; fileRef = 188C92722AEBB4FF00C06E58 /* ReminderStore.swift */; };
		189702972AD9418100F1C1E9 /* ReminderListStyle.swift in Sources */ = {isa = PBXBuildFile; fileRef = 189702962AD9418100F1C1E9 /* ReminderListStyle.swift */; };
/* End PBXBuildFile section */

/* Begin PBXFileReference section */
		181799B72AB964FA00C84BB2 /* ReminderListViewController+DataSource.swift */ = {isa = PBXFileReference; lastKnownFileType = sourcecode.swift; path = "ReminderListViewController+DataSource.swift"; sourceTree = "<group>"; };
		181799B92AB9908300C84BB2 /* ReminderDoneButton.swift */ = {isa = PBXFileReference; lastKnownFileType = sourcecode.swift; path = ReminderDoneButton.swift; sourceTree = "<group>"; };
		181799BB2AB9914700C84BB2 /* ReminderListViewController+Actions.swift */ = {isa = PBXFileReference; lastKnownFileType = sourcecode.swift; path = "ReminderListViewController+Actions.swift"; sourceTree = "<group>"; };
		181799BD2ABAB3BE00C84BB2 /* ReminderViewController.swift */ = {isa = PBXFileReference; lastKnownFileType = sourcecode.swift; path = ReminderViewController.swift; sourceTree = "<group>"; };
		181799C02ABAB5FA00C84BB2 /* ReminderViewController+Row.swift */ = {isa = PBXFileReference; lastKnownFileType = sourcecode.swift; path = "ReminderViewController+Row.swift"; sourceTree = "<group>"; };
		182228482ABAFAC700B6DF90 /* ReminderViewController+Section.swift */ = {isa = PBXFileReference; lastKnownFileType = sourcecode.swift; path = "ReminderViewController+Section.swift"; sourceTree = "<group>"; };
		182228732ABEFB2800B6DF90 /* ReminderViewController+Cell.swift */ = {isa = PBXFileReference; lastKnownFileType = sourcecode.swift; path = "ReminderViewController+Cell.swift"; sourceTree = "<group>"; };
		182228762ABF00F000B6DF90 /* UIView+PinnedSubview.swift */ = {isa = PBXFileReference; lastKnownFileType = sourcecode.swift; path = "UIView+PinnedSubview.swift"; sourceTree = "<group>"; };
		182228782ABF02B800B6DF90 /* TextFieldContentView.swift */ = {isa = PBXFileReference; lastKnownFileType = sourcecode.swift; path = TextFieldContentView.swift; sourceTree = "<group>"; };
		1822287A2ABF04B600B6DF90 /* UIContentConfiguration+Stateless.swift */ = {isa = PBXFileReference; lastKnownFileType = sourcecode.swift; path = "UIContentConfiguration+Stateless.swift"; sourceTree = "<group>"; };
		1822287C2AC0174C00B6DF90 /* UIColor+Today.swift */ = {isa = PBXFileReference; lastKnownFileType = sourcecode.swift; path = "UIColor+Today.swift"; sourceTree = "<group>"; };
		182228832AC17DCA00B6DF90 /* TextViewContentView.swift */ = {isa = PBXFileReference; lastKnownFileType = sourcecode.swift; path = TextViewContentView.swift; sourceTree = "<group>"; };
		182228852AC17EF500B6DF90 /* DatePickerContentView.swift */ = {isa = PBXFileReference; lastKnownFileType = sourcecode.swift; path = DatePickerContentView.swift; sourceTree = "<group>"; };
		187C88DF2AB81020003BD1AB /* Today.app */ = {isa = PBXFileReference; explicitFileType = wrapper.application; includeInIndex = 0; path = Today.app; sourceTree = BUILT_PRODUCTS_DIR; };
		187C88E22AB81020003BD1AB /* AppDelegate.swift */ = {isa = PBXFileReference; lastKnownFileType = sourcecode.swift; path = AppDelegate.swift; sourceTree = "<group>"; };
		187C88E42AB81020003BD1AB /* SceneDelegate.swift */ = {isa = PBXFileReference; lastKnownFileType = sourcecode.swift; path = SceneDelegate.swift; sourceTree = "<group>"; };
		187C88E62AB81020003BD1AB /* ReminderListViewController.swift */ = {isa = PBXFileReference; lastKnownFileType = sourcecode.swift; path = ReminderListViewController.swift; sourceTree = "<group>"; };
		187C88E92AB81020003BD1AB /* Base */ = {isa = PBXFileReference; lastKnownFileType = file.storyboard; name = Base; path = Base.lproj/Main.storyboard; sourceTree = "<group>"; };
		187C88EB2AB81022003BD1AB /* Assets.xcassets */ = {isa = PBXFileReference; lastKnownFileType = folder.assetcatalog; path = Assets.xcassets; sourceTree = "<group>"; };
		187C88EE2AB81022003BD1AB /* Base */ = {isa = PBXFileReference; lastKnownFileType = file.storyboard; name = Base; path = Base.lproj/LaunchScreen.storyboard; sourceTree = "<group>"; };
		187C88F02AB81022003BD1AB /* Info.plist */ = {isa = PBXFileReference; lastKnownFileType = text.plist.xml; path = Info.plist; sourceTree = "<group>"; };
		187C88F72AB81044003BD1AB /* Reminder.swift */ = {isa = PBXFileReference; lastKnownFileType = sourcecode.swift; path = Reminder.swift; sourceTree = "<group>"; };
		187C88F92AB85842003BD1AB /* Date+Today.swift */ = {isa = PBXFileReference; lastKnownFileType = sourcecode.swift; path = "Date+Today.swift"; sourceTree = "<group>"; };
		188C92682AE816C500C06E58 /* ProgressHeaderView.swift */ = {isa = PBXFileReference; lastKnownFileType = sourcecode.swift; path = ProgressHeaderView.swift; sourceTree = "<group>"; };
		188C926A2AEAB6A500C06E58 /* CAGradientLayer+ListStyle.swift */ = {isa = PBXFileReference; lastKnownFileType = sourcecode.swift; path = "CAGradientLayer+ListStyle.swift"; sourceTree = "<group>"; };
		188C926C2AEBB17000C06E58 /* TodayError.swift */ = {isa = PBXFileReference; lastKnownFileType = sourcecode.swift; path = TodayError.swift; sourceTree = "<group>"; };
		188C926E2AEBB1A900C06E58 /* EKEventStore+AsyncFetch.swift */ = {isa = PBXFileReference; lastKnownFileType = sourcecode.swift; path = "EKEventStore+AsyncFetch.swift"; sourceTree = "<group>"; };
		188C92702AEBB39D00C06E58 /* Reminder+EKReminder.swift */ = {isa = PBXFileReference; lastKnownFileType = sourcecode.swift; path = "Reminder+EKReminder.swift"; sourceTree = "<group>"; };
		188C92722AEBB4FF00C06E58 /* ReminderStore.swift */ = {isa = PBXFileReference; lastKnownFileType = sourcecode.swift; path = ReminderStore.swift; sourceTree = "<group>"; };
		189702962AD9418100F1C1E9 /* ReminderListStyle.swift */ = {isa = PBXFileReference; lastKnownFileType = sourcecode.swift; path = ReminderListStyle.swift; sourceTree = "<group>"; };
/* End PBXFileReference section */

/* Begin PBXFrameworksBuildPhase section */
		187C88DC2AB81020003BD1AB /* Frameworks */ = {
			isa = PBXFrameworksBuildPhase;
			buildActionMask = 2147483647;
			files = (
			);
			runOnlyForDeploymentPostprocessing = 0;
		};
/* End PBXFrameworksBuildPhase section */

/* Begin PBXGroup section */
		181799B62AB964BA00C84BB2 /* ListViewController */ = {
			isa = PBXGroup;
			children = (
				187C88E62AB81020003BD1AB /* ReminderListViewController.swift */,
				181799B72AB964FA00C84BB2 /* ReminderListViewController+DataSource.swift */,
				181799B92AB9908300C84BB2 /* ReminderDoneButton.swift */,
				181799BB2AB9914700C84BB2 /* ReminderListViewController+Actions.swift */,
				188C92682AE816C500C06E58 /* ProgressHeaderView.swift */,
			);
			path = ListViewController;
			sourceTree = "<group>";
		};
		181799BF2ABAB5A600C84BB2 /* DetailViewController */ = {
			isa = PBXGroup;
			children = (
				181799BD2ABAB3BE00C84BB2 /* ReminderViewController.swift */,
				181799C02ABAB5FA00C84BB2 /* ReminderViewController+Row.swift */,
				182228482ABAFAC700B6DF90 /* ReminderViewController+Section.swift */,
				182228732ABEFB2800B6DF90 /* ReminderViewController+Cell.swift */,
			);
			path = DetailViewController;
			sourceTree = "<group>";
		};
		182228752ABF00A800B6DF90 /* ContenView */ = {
			isa = PBXGroup;
			children = (
				182228762ABF00F000B6DF90 /* UIView+PinnedSubview.swift */,
				182228782ABF02B800B6DF90 /* TextFieldContentView.swift */,
				1822287A2ABF04B600B6DF90 /* UIContentConfiguration+Stateless.swift */,
				182228832AC17DCA00B6DF90 /* TextViewContentView.swift */,
				182228852AC17EF500B6DF90 /* DatePickerContentView.swift */,
			);
			path = ContenView;
			sourceTree = "<group>";
		};
		187C88D62AB81020003BD1AB = {
			isa = PBXGroup;
			children = (
				187C88E12AB81020003BD1AB /* Today */,
				187C88E02AB81020003BD1AB /* Products */,
			);
			sourceTree = "<group>";
		};
		187C88E02AB81020003BD1AB /* Products */ = {
			isa = PBXGroup;
			children = (
				187C88DF2AB81020003BD1AB /* Today.app */,
			);
			name = Products;
			sourceTree = "<group>";
		};
		187C88E12AB81020003BD1AB /* Today */ = {
			isa = PBXGroup;
			children = (
				187C88F62AB8102B003BD1AB /* Model */,
				187C88E22AB81020003BD1AB /* AppDelegate.swift */,
				187C88E42AB81020003BD1AB /* SceneDelegate.swift */,
				182228752ABF00A800B6DF90 /* ContenView */,
				181799BF2ABAB5A600C84BB2 /* DetailViewController */,
				181799B62AB964BA00C84BB2 /* ListViewController */,
				187C88E82AB81020003BD1AB /* Main.storyboard */,
				187C88EB2AB81022003BD1AB /* Assets.xcassets */,
				187C88ED2AB81022003BD1AB /* LaunchScreen.storyboard */,
				187C88F02AB81022003BD1AB /* Info.plist */,
			);
			path = Today;
			sourceTree = "<group>";
		};
		187C88F62AB8102B003BD1AB /* Model */ = {
			isa = PBXGroup;
			children = (
				187C88F72AB81044003BD1AB /* Reminder.swift */,
				187C88F92AB85842003BD1AB /* Date+Today.swift */,
				1822287C2AC0174C00B6DF90 /* UIColor+Today.swift */,
				189702962AD9418100F1C1E9 /* ReminderListStyle.swift */,
				188C926A2AEAB6A500C06E58 /* CAGradientLayer+ListStyle.swift */,
				188C926C2AEBB17000C06E58 /* TodayError.swift */,
				188C926E2AEBB1A900C06E58 /* EKEventStore+AsyncFetch.swift */,
				188C92702AEBB39D00C06E58 /* Reminder+EKReminder.swift */,
				188C92722AEBB4FF00C06E58 /* ReminderStore.swift */,
			);
			path = Model;
			sourceTree = "<group>";
		};
/* End PBXGroup section */

/* Begin PBXNativeTarget section */
		187C88DE2AB81020003BD1AB /* Today */ = {
			isa = PBXNativeTarget;
			buildConfigurationList = 187C88F32AB81022003BD1AB /* Build configuration list for PBXNativeTarget "Today" */;
			buildPhases = (
				187C88DB2AB81020003BD1AB /* Sources */,
				187C88DC2AB81020003BD1AB /* Frameworks */,
				187C88DD2AB81020003BD1AB /* Resources */,
			);
			buildRules = (
			);
			dependencies = (
			);
			name = Today;
			productName = Today;
			productReference = 187C88DF2AB81020003BD1AB /* Today.app */;
			productType = "com.apple.product-type.application";
		};
/* End PBXNativeTarget section */

/* Begin PBXProject section */
		187C88D72AB81020003BD1AB /* Project object */ = {
			isa = PBXProject;
			attributes = {
				BuildIndependentTargetsInParallel = 1;
				LastSwiftUpdateCheck = 1430;
				LastUpgradeCheck = 1430;
				TargetAttributes = {
					187C88DE2AB81020003BD1AB = {
						CreatedOnToolsVersion = 14.3.1;
					};
				};
			};
			buildConfigurationList = 187C88DA2AB81020003BD1AB /* Build configuration list for PBXProject "Today" */;
			compatibilityVersion = "Xcode 14.0";
			developmentRegion = en;
			hasScannedForEncodings = 0;
			knownRegions = (
				en,
				Base,
			);
			mainGroup = 187C88D62AB81020003BD1AB;
			productRefGroup = 187C88E02AB81020003BD1AB /* Products */;
			projectDirPath = "";
			projectRoot = "";
			targets = (
				187C88DE2AB81020003BD1AB /* Today */,
			);
		};
/* End PBXProject section */

/* Begin PBXResourcesBuildPhase section */
		187C88DD2AB81020003BD1AB /* Resources */ = {
			isa = PBXResourcesBuildPhase;
			buildActionMask = 2147483647;
			files = (
				187C88EF2AB81022003BD1AB /* LaunchScreen.storyboard in Resources */,
				187C88EC2AB81022003BD1AB /* Assets.xcassets in Resources */,
				187C88EA2AB81020003BD1AB /* Main.storyboard in Resources */,
			);
			runOnlyForDeploymentPostprocessing = 0;
		};
/* End PBXResourcesBuildPhase section */

/* Begin PBXSourcesBuildPhase section */
		187C88DB2AB81020003BD1AB /* Sources */ = {
			isa = PBXSourcesBuildPhase;
			buildActionMask = 2147483647;
			files = (
				188C92692AE816C500C06E58 /* ProgressHeaderView.swift in Sources */,
				181799BC2AB9914700C84BB2 /* ReminderListViewController+Actions.swift in Sources */,
				187C88E72AB81020003BD1AB /* ReminderListViewController.swift in Sources */,
				182228862AC17EF500B6DF90 /* DatePickerContentView.swift in Sources */,
				187C88FA2AB85842003BD1AB /* Date+Today.swift in Sources */,
				187C88E32AB81020003BD1AB /* AppDelegate.swift in Sources */,
				188C926D2AEBB17000C06E58 /* TodayError.swift in Sources */,
				182228492ABAFAC700B6DF90 /* ReminderViewController+Section.swift in Sources */,
				189702972AD9418100F1C1E9 /* ReminderListStyle.swift in Sources */,
				1822287B2ABF04B600B6DF90 /* UIContentConfiguration+Stateless.swift in Sources */,
				182228742ABEFB2800B6DF90 /* ReminderViewController+Cell.swift in Sources */,
				1822287D2AC0174C00B6DF90 /* UIColor+Today.swift in Sources */,
				187C88E52AB81020003BD1AB /* SceneDelegate.swift in Sources */,
				182228842AC17DCA00B6DF90 /* TextViewContentView.swift in Sources */,
				181799BE2ABAB3BE00C84BB2 /* ReminderViewController.swift in Sources */,
				182228772ABF00F000B6DF90 /* UIView+PinnedSubview.swift in Sources */,
				181799C12ABAB5FA00C84BB2 /* ReminderViewController+Row.swift in Sources */,
				187C88F82AB81044003BD1AB /* Reminder.swift in Sources */,
				181799BA2AB9908300C84BB2 /* ReminderDoneButton.swift in Sources */,
				188C92712AEBB39D00C06E58 /* Reminder+EKReminder.swift in Sources */,
				188C926F2AEBB1A900C06E58 /* EKEventStore+AsyncFetch.swift in Sources */,
				182228792ABF02B800B6DF90 /* TextFieldContentView.swift in Sources */,
				188C926B2AEAB6A500C06E58 /* CAGradientLayer+ListStyle.swift in Sources */,
				181799B82AB964FA00C84BB2 /* ReminderListViewController+DataSource.swift in Sources */,
				188C92732AEBB4FF00C06E58 /* ReminderStore.swift in Sources */,
			);
			runOnlyForDeploymentPostprocessing = 0;
		};
/* End PBXSourcesBuildPhase section */

/* Begin PBXVariantGroup section */
		187C88E82AB81020003BD1AB /* Main.storyboard */ = {
			isa = PBXVariantGroup;
			children = (
				187C88E92AB81020003BD1AB /* Base */,
			);
			name = Main.storyboard;
			sourceTree = "<group>";
		};
		187C88ED2AB81022003BD1AB /* LaunchScreen.storyboard */ = {
			isa = PBXVariantGroup;
			children = (
				187C88EE2AB81022003BD1AB /* Base */,
			);
			name = LaunchScreen.storyboard;
			sourceTree = "<group>";
		};
/* End PBXVariantGroup section */

/* Begin XCBuildConfiguration section */
		187C88F12AB81022003BD1AB /* Debug */ = {
			isa = XCBuildConfiguration;
			buildSettings = {
				ALWAYS_SEARCH_USER_PATHS = NO;
				CLANG_ANALYZER_NONNULL = YES;
				CLANG_ANALYZER_NUMBER_OBJECT_CONVERSION = YES_AGGRESSIVE;
				CLANG_CXX_LANGUAGE_STANDARD = "gnu++20";
				CLANG_ENABLE_MODULES = YES;
				CLANG_ENABLE_OBJC_ARC = YES;
				CLANG_ENABLE_OBJC_WEAK = YES;
				CLANG_WARN_BLOCK_CAPTURE_AUTORELEASING = YES;
				CLANG_WARN_BOOL_CONVERSION = YES;
				CLANG_WARN_COMMA = YES;
				CLANG_WARN_CONSTANT_CONVERSION = YES;
				CLANG_WARN_DEPRECATED_OBJC_IMPLEMENTATIONS = YES;
				CLANG_WARN_DIRECT_OBJC_ISA_USAGE = YES_ERROR;
				CLANG_WARN_DOCUMENTATION_COMMENTS = YES;
				CLANG_WARN_EMPTY_BODY = YES;
				CLANG_WARN_ENUM_CONVERSION = YES;
				CLANG_WARN_INFINITE_RECURSION = YES;
				CLANG_WARN_INT_CONVERSION = YES;
				CLANG_WARN_NON_LITERAL_NULL_CONVERSION = YES;
				CLANG_WARN_OBJC_IMPLICIT_RETAIN_SELF = YES;
				CLANG_WARN_OBJC_LITERAL_CONVERSION = YES;
				CLANG_WARN_OBJC_ROOT_CLASS = YES_ERROR;
				CLANG_WARN_QUOTED_INCLUDE_IN_FRAMEWORK_HEADER = YES;
				CLANG_WARN_RANGE_LOOP_ANALYSIS = YES;
				CLANG_WARN_STRICT_PROTOTYPES = YES;
				CLANG_WARN_SUSPICIOUS_MOVE = YES;
				CLANG_WARN_UNGUARDED_AVAILABILITY = YES_AGGRESSIVE;
				CLANG_WARN_UNREACHABLE_CODE = YES;
				CLANG_WARN__DUPLICATE_METHOD_MATCH = YES;
				COPY_PHASE_STRIP = NO;
				DEBUG_INFORMATION_FORMAT = dwarf;
				ENABLE_STRICT_OBJC_MSGSEND = YES;
				ENABLE_TESTABILITY = YES;
				GCC_C_LANGUAGE_STANDARD = gnu11;
				GCC_DYNAMIC_NO_PIC = NO;
				GCC_NO_COMMON_BLOCKS = YES;
				GCC_OPTIMIZATION_LEVEL = 0;
				GCC_PREPROCESSOR_DEFINITIONS = (
					"DEBUG=1",
					"$(inherited)",
				);
				GCC_WARN_64_TO_32_BIT_CONVERSION = YES;
				GCC_WARN_ABOUT_RETURN_TYPE = YES_ERROR;
				GCC_WARN_UNDECLARED_SELECTOR = YES;
				GCC_WARN_UNINITIALIZED_AUTOS = YES_AGGRESSIVE;
				GCC_WARN_UNUSED_FUNCTION = YES;
				GCC_WARN_UNUSED_VARIABLE = YES;
				IPHONEOS_DEPLOYMENT_TARGET = 16.4;
				MTL_ENABLE_DEBUG_INFO = INCLUDE_SOURCE;
				MTL_FAST_MATH = YES;
				ONLY_ACTIVE_ARCH = YES;
				SDKROOT = iphoneos;
				SWIFT_ACTIVE_COMPILATION_CONDITIONS = DEBUG;
				SWIFT_OPTIMIZATION_LEVEL = "-Onone";
			};
			name = Debug;
		};
		187C88F22AB81022003BD1AB /* Release */ = {
			isa = XCBuildConfiguration;
			buildSettings = {
				ALWAYS_SEARCH_USER_PATHS = NO;
				CLANG_ANALYZER_NONNULL = YES;
				CLANG_ANALYZER_NUMBER_OBJECT_CONVERSION = YES_AGGRESSIVE;
				CLANG_CXX_LANGUAGE_STANDARD = "gnu++20";
				CLANG_ENABLE_MODULES = YES;
				CLANG_ENABLE_OBJC_ARC = YES;
				CLANG_ENABLE_OBJC_WEAK = YES;
				CLANG_WARN_BLOCK_CAPTURE_AUTORELEASING = YES;
				CLANG_WARN_BOOL_CONVERSION = YES;
				CLANG_WARN_COMMA = YES;
				CLANG_WARN_CONSTANT_CONVERSION = YES;
				CLANG_WARN_DEPRECATED_OBJC_IMPLEMENTATIONS = YES;
				CLANG_WARN_DIRECT_OBJC_ISA_USAGE = YES_ERROR;
				CLANG_WARN_DOCUMENTATION_COMMENTS = YES;
				CLANG_WARN_EMPTY_BODY = YES;
				CLANG_WARN_ENUM_CONVERSION = YES;
				CLANG_WARN_INFINITE_RECURSION = YES;
				CLANG_WARN_INT_CONVERSION = YES;
				CLANG_WARN_NON_LITERAL_NULL_CONVERSION = YES;
				CLANG_WARN_OBJC_IMPLICIT_RETAIN_SELF = YES;
				CLANG_WARN_OBJC_LITERAL_CONVERSION = YES;
				CLANG_WARN_OBJC_ROOT_CLASS = YES_ERROR;
				CLANG_WARN_QUOTED_INCLUDE_IN_FRAMEWORK_HEADER = YES;
				CLANG_WARN_RANGE_LOOP_ANALYSIS = YES;
				CLANG_WARN_STRICT_PROTOTYPES = YES;
				CLANG_WARN_SUSPICIOUS_MOVE = YES;
				CLANG_WARN_UNGUARDED_AVAILABILITY = YES_AGGRESSIVE;
				CLANG_WARN_UNREACHABLE_CODE = YES;
				CLANG_WARN__DUPLICATE_METHOD_MATCH = YES;
				COPY_PHASE_STRIP = NO;
				DEBUG_INFORMATION_FORMAT = "dwarf-with-dsym";
				ENABLE_NS_ASSERTIONS = NO;
				ENABLE_STRICT_OBJC_MSGSEND = YES;
				GCC_C_LANGUAGE_STANDARD = gnu11;
				GCC_NO_COMMON_BLOCKS = YES;
				GCC_WARN_64_TO_32_BIT_CONVERSION = YES;
				GCC_WARN_ABOUT_RETURN_TYPE = YES_ERROR;
				GCC_WARN_UNDECLARED_SELECTOR = YES;
				GCC_WARN_UNINITIALIZED_AUTOS = YES_AGGRESSIVE;
				GCC_WARN_UNUSED_FUNCTION = YES;
				GCC_WARN_UNUSED_VARIABLE = YES;
				IPHONEOS_DEPLOYMENT_TARGET = 16.4;
				MTL_ENABLE_DEBUG_INFO = NO;
				MTL_FAST_MATH = YES;
				SDKROOT = iphoneos;
				SWIFT_COMPILATION_MODE = wholemodule;
				SWIFT_OPTIMIZATION_LEVEL = "-O";
				VALIDATE_PRODUCT = YES;
			};
			name = Release;
		};
		187C88F42AB81022003BD1AB /* Debug */ = {
			isa = XCBuildConfiguration;
			buildSettings = {
				ASSETCATALOG_COMPILER_APPICON_NAME = AppIcon;
				ASSETCATALOG_COMPILER_GLOBAL_ACCENT_COLOR_NAME = AccentColor;
				CODE_SIGN_STYLE = Automatic;
				CURRENT_PROJECT_VERSION = 1;
				DEVELOPMENT_TEAM = P5JPX93769;
				GENERATE_INFOPLIST_FILE = YES;
				INFOPLIST_FILE = Today/Info.plist;
				INFOPLIST_KEY_NSRemindersUsageDescription = "Your reminders can help you stay on track.";
				INFOPLIST_KEY_UIApplicationSupportsIndirectInputEvents = YES;
				INFOPLIST_KEY_UILaunchStoryboardName = LaunchScreen;
				INFOPLIST_KEY_UIMainStoryboardFile = Main;
				INFOPLIST_KEY_UISupportedInterfaceOrientations_iPad = "UIInterfaceOrientationPortrait UIInterfaceOrientationPortraitUpsideDown UIInterfaceOrientationLandscapeLeft UIInterfaceOrientationLandscapeRight";
				INFOPLIST_KEY_UISupportedInterfaceOrientations_iPhone = "UIInterfaceOrientationPortrait UIInterfaceOrientationLandscapeLeft UIInterfaceOrientationLandscapeRight";
				LD_RUNPATH_SEARCH_PATHS = (
					"$(inherited)",
					"@executable_path/Frameworks",
				);
				MARKETING_VERSION = 1.0;
				PRODUCT_BUNDLE_IDENTIFIER = ali.Today;
				PRODUCT_NAME = "$(TARGET_NAME)";
				SWIFT_EMIT_LOC_STRINGS = YES;
				SWIFT_VERSION = 5.0;
				TARGETED_DEVICE_FAMILY = "1,2";
			};
			name = Debug;
		};
		187C88F52AB81022003BD1AB /* Release */ = {
			isa = XCBuildConfiguration;
			buildSettings = {
				ASSETCATALOG_COMPILER_APPICON_NAME = AppIcon;
				ASSETCATALOG_COMPILER_GLOBAL_ACCENT_COLOR_NAME = AccentColor;
				CODE_SIGN_STYLE = Automatic;
				CURRENT_PROJECT_VERSION = 1;
				DEVELOPMENT_TEAM = P5JPX93769;
				GENERATE_INFOPLIST_FILE = YES;
				INFOPLIST_FILE = Today/Info.plist;
				INFOPLIST_KEY_NSRemindersUsageDescription = "Your reminders can help you stay on track.";
				INFOPLIST_KEY_UIApplicationSupportsIndirectInputEvents = YES;
				INFOPLIST_KEY_UILaunchStoryboardName = LaunchScreen;
				INFOPLIST_KEY_UIMainStoryboardFile = Main;
				INFOPLIST_KEY_UISupportedInterfaceOrientations_iPad = "UIInterfaceOrientationPortrait UIInterfaceOrientationPortraitUpsideDown UIInterfaceOrientationLandscapeLeft UIInterfaceOrientationLandscapeRight";
				INFOPLIST_KEY_UISupportedInterfaceOrientations_iPhone = "UIInterfaceOrientationPortrait UIInterfaceOrientationLandscapeLeft UIInterfaceOrientationLandscapeRight";
				LD_RUNPATH_SEARCH_PATHS = (
					"$(inherited)",
					"@executable_path/Frameworks",
				);
				MARKETING_VERSION = 1.0;
				PRODUCT_BUNDLE_IDENTIFIER = ali.Today;
				PRODUCT_NAME = "$(TARGET_NAME)";
				SWIFT_EMIT_LOC_STRINGS = YES;
				SWIFT_VERSION = 5.0;
				TARGETED_DEVICE_FAMILY = "1,2";
			};
			name = Release;
		};
/* End XCBuildConfiguration section */

/* Begin XCConfigurationList section */
		187C88DA2AB81020003BD1AB /* Build configuration list for PBXProject "Today" */ = {
			isa = XCConfigurationList;
			buildConfigurations = (
				187C88F12AB81022003BD1AB /* Debug */,
				187C88F22AB81022003BD1AB /* Release */,
			);
			defaultConfigurationIsVisible = 0;
			defaultConfigurationName = Release;
		};
		187C88F32AB81022003BD1AB /* Build configuration list for PBXNativeTarget "Today" */ = {
			isa = XCConfigurationList;
			buildConfigurations = (
				187C88F42AB81022003BD1AB /* Debug */,
				187C88F52AB81022003BD1AB /* Release */,
			);
			defaultConfigurationIsVisible = 0;
			defaultConfigurationName = Release;
		};
/* End XCConfigurationList section */
	};
	rootObject = 187C88D72AB81020003BD1AB /* Project object */;
}
